
Microsoft Visual Studio Solution File, Format Version 12.00
Project("{FAE04EC0-301F-11D3-BF4B-00C04F79EFBC}") = "TFA.Forum.Domain", "TFA.Forum.Domain\TFA.Forum.Domain.csproj", "{2D27AE88-E158-4D62-A788-A8CECD7777E5}"
EndProject
Project("{FAE04EC0-301F-11D3-BF4B-00C04F79EFBC}") = "TFA.Forum.Storage", "TFA.Forum.Storage\TFA.Forum.Storage.csproj", "{F5830D9D-EF2D-48B2-83D9-52164FD73B37}"
EndProject
Project("{FAE04EC0-301F-11D3-BF4B-00C04F79EFBC}") = "TFA.Api", "TFA.Api\TFA.Api.csproj", "{7EE2087D-C771-482F-AD0C-C9044910D5FA}"
EndProject
Project("{FAE04EC0-301F-11D3-BF4B-00C04F79EFBC}") = "TFA.Forum.Domain.Tests", "TFA.Forum.Domain.Tests\TFA.Forum.Domain.Tests.csproj", "{2CAF5CA5-C580-4FBB-B61B-9710BB427EEF}"
EndProject
Project("{2150E333-8FDC-42A3-9474-1A3956D46DE8}") = "solution-items", "solution-items", "{53B2074A-A9BF-4F48-B49F-50C5981A3F68}"
	ProjectSection(SolutionItems) = preProject
		docker-compose.yml = docker-compose.yml
		Directory.Build.props = Directory.Build.props
		loki-config.yml = loki-config.yml
		.dockerignore = .dockerignore
		Dockerfile = Dockerfile
		prometheus.yml = prometheus.yml
		kafka-connect\Dockerfile = kafka-connect\Dockerfile
		kafka-connect\worker.properties = kafka-connect\worker.properties
		kafka-connect\tfa-source-connector.properties = kafka-connect\tfa-source-connector.properties
	EndProjectSection
EndProject
Project("{FAE04EC0-301F-11D3-BF4B-00C04F79EFBC}") = "TFA.Forum.Domain.DependencyInjection", "TFA.Forum.Domain.DependencyInjection\TFA.Forum.Domain.DependencyInjection.csproj", "{9837D518-0037-4D5A-8BEC-E4DD0E50FB19}"
EndProject
Project("{FAE04EC0-301F-11D3-BF4B-00C04F79EFBC}") = "TFA.Forum.Storage.DependencyInjection", "TFA.Forum.Storage.DependencyInjection\TFA.Forum.Storage.DependencyInjection.csproj", "{662CD08C-7015-49FB-856E-C84DBD2DF3A1}"
EndProject
Project("{FAE04EC0-301F-11D3-BF4B-00C04F79EFBC}") = "TFA.Forum.E2E", "TFA.Forum.E2E\TFA.Forum.E2E.csproj", "{22EECA13-5395-4DD2-A638-BE79C8EEA44F}"
EndProject
Project("{FAE04EC0-301F-11D3-BF4B-00C04F79EFBC}") = "TFA.Forum.Storage.Tests", "TFA.Forum.Storage.Tests\TFA.Forum.Storage.Tests.csproj", "{F11C7963-4209-444E-8B9A-ACAEB0B0E296}"
EndProject
Project("{2150E333-8FDC-42A3-9474-1A3956D46DE8}") = "TFA.Forum", "TFA.Forum", "{008DC63B-2AD1-444C-9CC9-2D62C9C59B5D}"
EndProject
Project("{2150E333-8FDC-42A3-9474-1A3956D46DE8}") = "TFA.Search", "TFA.Search", "{743DB549-A37F-4966-AB10-A3EE196D0245}"
EndProject
Project("{FAE04EC0-301F-11D3-BF4B-00C04F79EFBC}") = "TFA.Search.API", "TFA.Search.API\TFA.Search.API.csproj", "{6AC271E7-CAAA-4DFB-A049-1E7C113B3B99}"
EndProject
Project("{FAE04EC0-301F-11D3-BF4B-00C04F79EFBC}") = "TFA.Search.Domain", "TFA.Search.Domain\TFA.Search.Domain.csproj", "{2CA1B662-D66E-4B2F-B814-DAB54B7FF4FE}"
EndProject
Project("{FAE04EC0-301F-11D3-BF4B-00C04F79EFBC}") = "TFA.Search.Storage", "TFA.Search.Storage\TFA.Search.Storage.csproj", "{A9523519-CC1B-4B3D-838C-9581C3614AD4}"
EndProject
Project("{FAE04EC0-301F-11D3-BF4B-00C04F79EFBC}") = "TFA.Search.Storage.DependencyInjection", "TFA.Search.Storage.DependencyInjection\TFA.Search.Storage.DependencyInjection.csproj", "{9D347C3C-FB6C-4454-944B-588594F3F481}"
EndProject
Project("{FAE04EC0-301F-11D3-BF4B-00C04F79EFBC}") = "TFA.Search.Domain.DependencyInjection", "TFA.Search.Domain.DependencyInjection\TFA.Search.Domain.DependencyInjection.csproj", "{8C0B8110-7120-422E-81F0-CA93D89B028E}"
EndProject
Global
	GlobalSection(SolutionConfigurationPlatforms) = preSolution
		Debug|Any CPU = Debug|Any CPU
		Release|Any CPU = Release|Any CPU
	EndGlobalSection
	GlobalSection(ProjectConfigurationPlatforms) = postSolution
		{2D27AE88-E158-4D62-A788-A8CECD7777E5}.Debug|Any CPU.ActiveCfg = Debug|Any CPU
		{2D27AE88-E158-4D62-A788-A8CECD7777E5}.Debug|Any CPU.Build.0 = Debug|Any CPU
		{2D27AE88-E158-4D62-A788-A8CECD7777E5}.Release|Any CPU.ActiveCfg = Release|Any CPU
		{2D27AE88-E158-4D62-A788-A8CECD7777E5}.Release|Any CPU.Build.0 = Release|Any CPU
		{F5830D9D-EF2D-48B2-83D9-52164FD73B37}.Debug|Any CPU.ActiveCfg = Debug|Any CPU
		{F5830D9D-EF2D-48B2-83D9-52164FD73B37}.Debug|Any CPU.Build.0 = Debug|Any CPU
		{F5830D9D-EF2D-48B2-83D9-52164FD73B37}.Release|Any CPU.ActiveCfg = Release|Any CPU
		{F5830D9D-EF2D-48B2-83D9-52164FD73B37}.Release|Any CPU.Build.0 = Release|Any CPU
		{7EE2087D-C771-482F-AD0C-C9044910D5FA}.Debug|Any CPU.ActiveCfg = Debug|Any CPU
		{7EE2087D-C771-482F-AD0C-C9044910D5FA}.Debug|Any CPU.Build.0 = Debug|Any CPU
		{7EE2087D-C771-482F-AD0C-C9044910D5FA}.Release|Any CPU.ActiveCfg = Release|Any CPU
		{7EE2087D-C771-482F-AD0C-C9044910D5FA}.Release|Any CPU.Build.0 = Release|Any CPU
		{2CAF5CA5-C580-4FBB-B61B-9710BB427EEF}.Debug|Any CPU.ActiveCfg = Debug|Any CPU
		{2CAF5CA5-C580-4FBB-B61B-9710BB427EEF}.Debug|Any CPU.Build.0 = Debug|Any CPU
		{2CAF5CA5-C580-4FBB-B61B-9710BB427EEF}.Release|Any CPU.ActiveCfg = Release|Any CPU
		{2CAF5CA5-C580-4FBB-B61B-9710BB427EEF}.Release|Any CPU.Build.0 = Release|Any CPU
		{9837D518-0037-4D5A-8BEC-E4DD0E50FB19}.Debug|Any CPU.ActiveCfg = Debug|Any CPU
		{9837D518-0037-4D5A-8BEC-E4DD0E50FB19}.Debug|Any CPU.Build.0 = Debug|Any CPU
		{9837D518-0037-4D5A-8BEC-E4DD0E50FB19}.Release|Any CPU.ActiveCfg = Release|Any CPU
		{9837D518-0037-4D5A-8BEC-E4DD0E50FB19}.Release|Any CPU.Build.0 = Release|Any CPU
		{662CD08C-7015-49FB-856E-C84DBD2DF3A1}.Debug|Any CPU.ActiveCfg = Debug|Any CPU
		{662CD08C-7015-49FB-856E-C84DBD2DF3A1}.Debug|Any CPU.Build.0 = Debug|Any CPU
		{662CD08C-7015-49FB-856E-C84DBD2DF3A1}.Release|Any CPU.ActiveCfg = Release|Any CPU
		{662CD08C-7015-49FB-856E-C84DBD2DF3A1}.Release|Any CPU.Build.0 = Release|Any CPU
		{22EECA13-5395-4DD2-A638-BE79C8EEA44F}.Debug|Any CPU.ActiveCfg = Debug|Any CPU
		{22EECA13-5395-4DD2-A638-BE79C8EEA44F}.Debug|Any CPU.Build.0 = Debug|Any CPU
		{22EECA13-5395-4DD2-A638-BE79C8EEA44F}.Release|Any CPU.ActiveCfg = Release|Any CPU
		{22EECA13-5395-4DD2-A638-BE79C8EEA44F}.Release|Any CPU.Build.0 = Release|Any CPU
		{F11C7963-4209-444E-8B9A-ACAEB0B0E296}.Debug|Any CPU.ActiveCfg = Debug|Any CPU
		{F11C7963-4209-444E-8B9A-ACAEB0B0E296}.Debug|Any CPU.Build.0 = Debug|Any CPU
		{F11C7963-4209-444E-8B9A-ACAEB0B0E296}.Release|Any CPU.ActiveCfg = Release|Any CPU
		{F11C7963-4209-444E-8B9A-ACAEB0B0E296}.Release|Any CPU.Build.0 = Release|Any CPU
		{6AC271E7-CAAA-4DFB-A049-1E7C113B3B99}.Debug|Any CPU.ActiveCfg = Debug|Any CPU
		{6AC271E7-CAAA-4DFB-A049-1E7C113B3B99}.Debug|Any CPU.Build.0 = Debug|Any CPU
		{6AC271E7-CAAA-4DFB-A049-1E7C113B3B99}.Release|Any CPU.ActiveCfg = Release|Any CPU
		{6AC271E7-CAAA-4DFB-A049-1E7C113B3B99}.Release|Any CPU.Build.0 = Release|Any CPU
		{2CA1B662-D66E-4B2F-B814-DAB54B7FF4FE}.Debug|Any CPU.ActiveCfg = Debug|Any CPU
		{2CA1B662-D66E-4B2F-B814-DAB54B7FF4FE}.Debug|Any CPU.Build.0 = Debug|Any CPU
		{2CA1B662-D66E-4B2F-B814-DAB54B7FF4FE}.Release|Any CPU.ActiveCfg = Release|Any CPU
		{2CA1B662-D66E-4B2F-B814-DAB54B7FF4FE}.Release|Any CPU.Build.0 = Release|Any CPU
		{A9523519-CC1B-4B3D-838C-9581C3614AD4}.Debug|Any CPU.ActiveCfg = Debug|Any CPU
		{A9523519-CC1B-4B3D-838C-9581C3614AD4}.Debug|Any CPU.Build.0 = Debug|Any CPU
		{A9523519-CC1B-4B3D-838C-9581C3614AD4}.Release|Any CPU.ActiveCfg = Release|Any CPU
		{A9523519-CC1B-4B3D-838C-9581C3614AD4}.Release|Any CPU.Build.0 = Release|Any CPU
		{9D347C3C-FB6C-4454-944B-588594F3F481}.Debug|Any CPU.ActiveCfg = Debug|Any CPU
		{9D347C3C-FB6C-4454-944B-588594F3F481}.Debug|Any CPU.Build.0 = Debug|Any CPU
		{9D347C3C-FB6C-4454-944B-588594F3F481}.Release|Any CPU.ActiveCfg = Release|Any CPU
		{9D347C3C-FB6C-4454-944B-588594F3F481}.Release|Any CPU.Build.0 = Release|Any CPU
		{8C0B8110-7120-422E-81F0-CA93D89B028E}.Debug|Any CPU.ActiveCfg = Debug|Any CPU
		{8C0B8110-7120-422E-81F0-CA93D89B028E}.Debug|Any CPU.Build.0 = Debug|Any CPU
		{8C0B8110-7120-422E-81F0-CA93D89B028E}.Release|Any CPU.ActiveCfg = Release|Any CPU
		{8C0B8110-7120-422E-81F0-CA93D89B028E}.Release|Any CPU.Build.0 = Release|Any CPU
	EndGlobalSection
	GlobalSection(NestedProjects) = preSolution
		{2D27AE88-E158-4D62-A788-A8CECD7777E5} = {008DC63B-2AD1-444C-9CC9-2D62C9C59B5D}
		{22EECA13-5395-4DD2-A638-BE79C8EEA44F} = {008DC63B-2AD1-444C-9CC9-2D62C9C59B5D}
		{9837D518-0037-4D5A-8BEC-E4DD0E50FB19} = {008DC63B-2AD1-444C-9CC9-2D62C9C59B5D}
		{F5830D9D-EF2D-48B2-83D9-52164FD73B37} = {008DC63B-2AD1-444C-9CC9-2D62C9C59B5D}
		{662CD08C-7015-49FB-856E-C84DBD2DF3A1} = {008DC63B-2AD1-444C-9CC9-2D62C9C59B5D}
		{2CAF5CA5-C580-4FBB-B61B-9710BB427EEF} = {008DC63B-2AD1-444C-9CC9-2D62C9C59B5D}
		{F11C7963-4209-444E-8B9A-ACAEB0B0E296} = {008DC63B-2AD1-444C-9CC9-2D62C9C59B5D}
		{6AC271E7-CAAA-4DFB-A049-1E7C113B3B99} = {743DB549-A37F-4966-AB10-A3EE196D0245}
		{2CA1B662-D66E-4B2F-B814-DAB54B7FF4FE} = {743DB549-A37F-4966-AB10-A3EE196D0245}
		{A9523519-CC1B-4B3D-838C-9581C3614AD4} = {743DB549-A37F-4966-AB10-A3EE196D0245}
		{9D347C3C-FB6C-4454-944B-588594F3F481} = {743DB549-A37F-4966-AB10-A3EE196D0245}
		{8C0B8110-7120-422E-81F0-CA93D89B028E} = {743DB549-A37F-4966-AB10-A3EE196D0245}
	EndGlobalSection
EndGlobal
